
Microsoft Visual Studio Solution File, Format Version 12.00
# Visual Studio Version 17
VisualStudioVersion = 17.5.33414.496
MinimumVisualStudioVersion = 10.0.40219.1
Project("{FAE04EC0-301F-11D3-BF4B-00C04F79EFBC}") = "employeesV1", "emploees\employeesV1.csproj", "{DBA752BD-C19F-4532-9032-DCB323D11F95}"
EndProject
Global
	GlobalSection(SolutionConfigurationPlatforms) = preSolution
		Debug|Any CPU = Debug|Any CPU
		Release|Any CPU = Release|Any CPU
	EndGlobalSection
	GlobalSection(ProjectConfigurationPlatforms) = postSolution
		{DBA752BD-C19F-4532-9032-DCB323D11F95}.Debug|Any CPU.ActiveCfg = Debug|Any CPU
		{DBA752BD-C19F-4532-9032-DCB323D11F95}.Debug|Any CPU.Build.0 = Debug|Any CPU
		{DBA752BD-C19F-4532-9032-DCB323D11F95}.Release|Any CPU.ActiveCfg = Release|Any CPU
		{DBA752BD-C19F-4532-9032-DCB323D11F95}.Release|Any CPU.Build.0 = Release|Any CPU
	EndGlobalSection
	GlobalSection(SolutionProperties) = preSolution
		HideSolutionNode = FALSE
	EndGlobalSection
	GlobalSection(ExtensibilityGlobals) = postSolution
		SolutionGuid = {19B1C34C-3C7E-41F9-9624-48BDBDA99645}
	EndGlobalSection
EndGlobal
